
Microsoft Visual Studio Solution File, Format Version 12.00
# Visual Studio Version 17
VisualStudioVersion = 17.8.34330.188
MinimumVisualStudioVersion = 10.0.40219.1
Project("{FAE04EC0-301F-11D3-BF4B-00C04F79EFBC}") = "ArraysAndString", "ArraysAndString\ArraysAndString.csproj", "{79836CC7-0CB6-47BE-8254-A5FAFAB339C6}"
EndProject
Global
	GlobalSection(SolutionConfigurationPlatforms) = preSolution
		Debug|Any CPU = Debug|Any CPU
		Release|Any CPU = Release|Any CPU
	EndGlobalSection
	GlobalSection(ProjectConfigurationPlatforms) = postSolution
		{79836CC7-0CB6-47BE-8254-A5FAFAB339C6}.Debug|Any CPU.ActiveCfg = Debug|Any CPU
		{79836CC7-0CB6-47BE-8254-A5FAFAB339C6}.Debug|Any CPU.Build.0 = Debug|Any CPU
		{79836CC7-0CB6-47BE-8254-A5FAFAB339C6}.Release|Any CPU.ActiveCfg = Release|Any CPU
		{79836CC7-0CB6-47BE-8254-A5FAFAB339C6}.Release|Any CPU.Build.0 = Release|Any CPU
	EndGlobalSection
	GlobalSection(SolutionProperties) = preSolution
		HideSolutionNode = FALSE
	EndGlobalSection
	GlobalSection(ExtensibilityGlobals) = postSolution
		SolutionGuid = {4E2E8A24-3E57-4247-B68E-4C1426DC7C19}
	EndGlobalSection
EndGlobal
